
Microsoft Visual Studio Solution File, Format Version 12.00
# Visual Studio Version 17
VisualStudioVersion = 17.0.31903.59
MinimumVisualStudioVersion = 10.0.40219.1
Project("{FAE04EC0-301F-11D3-BF4B-00C04F79EFBC}") = "AAIA.ModuleManager", "src\AAIA.ModuleManager\AAIA.ModuleManager.csproj", "{CCF03AC2-03A3-4919-8884-0D6B9AB12DA9}"
EndProject
Project("{FAE04EC0-301F-11D3-BF4B-00C04F79EFBC}") = "AAIA.Shared.Contracts", "..\aaia-sdk\src\AAIA.Shared.Contracts\AAIA.Shared.Contracts.csproj", "{A7B3C1D2-E4F5-6789-ABCD-EF0123456789}"
EndProject
Project("{FAE04EC0-301F-11D3-BF4B-00C04F79EFBC}") = "AAIA.ModuleManager.Tests", "src\AAIA.ModuleManager.Tests\AAIA.ModuleManager.Tests.csproj", "{B1D2E3F4-A5B6-7890-CDEF-012345678901}"
EndProject
Project("{FAE04EC0-301F-11D3-BF4B-00C04F79EFBC}") = "AAIA.Connector.Client", "src\AAIA.Connector.Client\AAIA.Connector.Client.csproj", "{C2D3E4F5-B6C7-8901-DEF0-123456789012}"
EndProject
Project("{2150E333-8FDC-42A3-9474-1A3956D46DE8}") = "src", "src", "{827E0CD3-B72D-47B6-A68D-7590B98EB39B}"
EndProject
Project("{FAE04EC0-301F-11D3-BF4B-00C04F79EFBC}") = "AAIA.Air", "src\AAIA.Air\AAIA.Air.csproj", "{A8BBB6B1-6C9C-4751-9517-6637C7583C7D}"
EndProject
Project("{FAE04EC0-301F-11D3-BF4B-00C04F79EFBC}") = "AAIA.Air.Mcp", "src\AAIA.Air.Mcp\AAIA.Air.Mcp.csproj", "{C9091036-3ED5-4265-9868-68CE1505FB77}"
EndProject
Project("{FAE04EC0-301F-11D3-BF4B-00C04F79EFBC}") = "AAIA.Air.Contracts", "src\AAIA.Air.Contracts\AAIA.Air.Contracts.csproj", "{8CD911BB-ED54-49D3-BB79-4E93D08DD728}"
EndProject
Global
	GlobalSection(SolutionConfigurationPlatforms) = preSolution
		Debug|Any CPU = Debug|Any CPU
		Debug|x64 = Debug|x64
		Debug|x86 = Debug|x86
		Release|Any CPU = Release|Any CPU
		Release|x64 = Release|x64
		Release|x86 = Release|x86
	EndGlobalSection
	GlobalSection(ProjectConfigurationPlatforms) = postSolution
		{CCF03AC2-03A3-4919-8884-0D6B9AB12DA9}.Debug|Any CPU.ActiveCfg = Debug|Any CPU
		{CCF03AC2-03A3-4919-8884-0D6B9AB12DA9}.Debug|Any CPU.Build.0 = Debug|Any CPU
		{CCF03AC2-03A3-4919-8884-0D6B9AB12DA9}.Debug|x64.ActiveCfg = Debug|Any CPU
		{CCF03AC2-03A3-4919-8884-0D6B9AB12DA9}.Debug|x64.Build.0 = Debug|Any CPU
		{CCF03AC2-03A3-4919-8884-0D6B9AB12DA9}.Debug|x86.ActiveCfg = Debug|Any CPU
		{CCF03AC2-03A3-4919-8884-0D6B9AB12DA9}.Debug|x86.Build.0 = Debug|Any CPU
		{CCF03AC2-03A3-4919-8884-0D6B9AB12DA9}.Release|Any CPU.ActiveCfg = Release|Any CPU
		{CCF03AC2-03A3-4919-8884-0D6B9AB12DA9}.Release|Any CPU.Build.0 = Release|Any CPU
		{CCF03AC2-03A3-4919-8884-0D6B9AB12DA9}.Release|x64.ActiveCfg = Release|Any CPU
		{CCF03AC2-03A3-4919-8884-0D6B9AB12DA9}.Release|x64.Build.0 = Release|Any CPU
		{CCF03AC2-03A3-4919-8884-0D6B9AB12DA9}.Release|x86.ActiveCfg = Release|Any CPU
		{CCF03AC2-03A3-4919-8884-0D6B9AB12DA9}.Release|x86.Build.0 = Release|Any CPU
		{A7B3C1D2-E4F5-6789-ABCD-EF0123456789}.Debug|Any CPU.ActiveCfg = Debug|Any CPU
		{A7B3C1D2-E4F5-6789-ABCD-EF0123456789}.Debug|Any CPU.Build.0 = Debug|Any CPU
		{A7B3C1D2-E4F5-6789-ABCD-EF0123456789}.Debug|x64.ActiveCfg = Debug|Any CPU
		{A7B3C1D2-E4F5-6789-ABCD-EF0123456789}.Debug|x64.Build.0 = Debug|Any CPU
		{A7B3C1D2-E4F5-6789-ABCD-EF0123456789}.Debug|x86.ActiveCfg = Debug|Any CPU
		{A7B3C1D2-E4F5-6789-ABCD-EF0123456789}.Debug|x86.Build.0 = Debug|Any CPU
		{A7B3C1D2-E4F5-6789-ABCD-EF0123456789}.Release|Any CPU.ActiveCfg = Release|Any CPU
		{A7B3C1D2-E4F5-6789-ABCD-EF0123456789}.Release|Any CPU.Build.0 = Release|Any CPU
		{A7B3C1D2-E4F5-6789-ABCD-EF0123456789}.Release|x64.ActiveCfg = Release|Any CPU
		{A7B3C1D2-E4F5-6789-ABCD-EF0123456789}.Release|x64.Build.0 = Release|Any CPU
		{A7B3C1D2-E4F5-6789-ABCD-EF0123456789}.Release|x86.ActiveCfg = Release|Any CPU
		{A7B3C1D2-E4F5-6789-ABCD-EF0123456789}.Release|x86.Build.0 = Release|Any CPU
		{B1D2E3F4-A5B6-7890-CDEF-012345678901}.Debug|Any CPU.ActiveCfg = Debug|Any CPU
		{B1D2E3F4-A5B6-7890-CDEF-012345678901}.Debug|Any CPU.Build.0 = Debug|Any CPU
		{B1D2E3F4-A5B6-7890-CDEF-012345678901}.Debug|x64.ActiveCfg = Debug|Any CPU
		{B1D2E3F4-A5B6-7890-CDEF-012345678901}.Debug|x64.Build.0 = Debug|Any CPU
		{B1D2E3F4-A5B6-7890-CDEF-012345678901}.Debug|x86.ActiveCfg = Debug|Any CPU
		{B1D2E3F4-A5B6-7890-CDEF-012345678901}.Debug|x86.Build.0 = Debug|Any CPU
		{B1D2E3F4-A5B6-7890-CDEF-012345678901}.Release|Any CPU.ActiveCfg = Release|Any CPU
		{B1D2E3F4-A5B6-7890-CDEF-012345678901}.Release|Any CPU.Build.0 = Release|Any CPU
		{B1D2E3F4-A5B6-7890-CDEF-012345678901}.Release|x64.ActiveCfg = Release|Any CPU
		{B1D2E3F4-A5B6-7890-CDEF-012345678901}.Release|x64.Build.0 = Release|Any CPU
		{B1D2E3F4-A5B6-7890-CDEF-012345678901}.Release|x86.ActiveCfg = Release|Any CPU
		{B1D2E3F4-A5B6-7890-CDEF-012345678901}.Release|x86.Build.0 = Release|Any CPU
		{C2D3E4F5-B6C7-8901-DEF0-123456789012}.Debug|Any CPU.ActiveCfg = Debug|Any CPU
		{C2D3E4F5-B6C7-8901-DEF0-123456789012}.Debug|Any CPU.Build.0 = Debug|Any CPU
		{C2D3E4F5-B6C7-8901-DEF0-123456789012}.Debug|x64.ActiveCfg = Debug|Any CPU
		{C2D3E4F5-B6C7-8901-DEF0-123456789012}.Debug|x64.Build.0 = Debug|Any CPU
		{C2D3E4F5-B6C7-8901-DEF0-123456789012}.Debug|x86.ActiveCfg = Debug|Any CPU
		{C2D3E4F5-B6C7-8901-DEF0-123456789012}.Debug|x86.Build.0 = Debug|Any CPU
		{C2D3E4F5-B6C7-8901-DEF0-123456789012}.Release|Any CPU.ActiveCfg = Release|Any CPU
		{C2D3E4F5-B6C7-8901-DEF0-123456789012}.Release|Any CPU.Build.0 = Release|Any CPU
		{C2D3E4F5-B6C7-8901-DEF0-123456789012}.Release|x64.ActiveCfg = Release|Any CPU
		{C2D3E4F5-B6C7-8901-DEF0-123456789012}.Release|x64.Build.0 = Release|Any CPU
		{C2D3E4F5-B6C7-8901-DEF0-123456789012}.Release|x86.ActiveCfg = Release|Any CPU
		{C2D3E4F5-B6C7-8901-DEF0-123456789012}.Release|x86.Build.0 = Release|Any CPU
		{A8BBB6B1-6C9C-4751-9517-6637C7583C7D}.Debug|Any CPU.ActiveCfg = Debug|Any CPU
		{A8BBB6B1-6C9C-4751-9517-6637C7583C7D}.Debug|Any CPU.Build.0 = Debug|Any CPU
		{A8BBB6B1-6C9C-4751-9517-6637C7583C7D}.Debug|x64.ActiveCfg = Debug|Any CPU
		{A8BBB6B1-6C9C-4751-9517-6637C7583C7D}.Debug|x64.Build.0 = Debug|Any CPU
		{A8BBB6B1-6C9C-4751-9517-6637C7583C7D}.Debug|x86.ActiveCfg = Debug|Any CPU
		{A8BBB6B1-6C9C-4751-9517-6637C7583C7D}.Debug|x86.Build.0 = Debug|Any CPU
		{A8BBB6B1-6C9C-4751-9517-6637C7583C7D}.Release|Any CPU.ActiveCfg = Release|Any CPU
		{A8BBB6B1-6C9C-4751-9517-6637C7583C7D}.Release|Any CPU.Build.0 = Release|Any CPU
		{A8BBB6B1-6C9C-4751-9517-6637C7583C7D}.Release|x64.ActiveCfg = Release|Any CPU
		{A8BBB6B1-6C9C-4751-9517-6637C7583C7D}.Release|x64.Build.0 = Release|Any CPU
		{A8BBB6B1-6C9C-4751-9517-6637C7583C7D}.Release|x86.ActiveCfg = Release|Any CPU
		{A8BBB6B1-6C9C-4751-9517-6637C7583C7D}.Release|x86.Build.0 = Release|Any CPU
		{C9091036-3ED5-4265-9868-68CE1505FB77}.Debug|Any CPU.ActiveCfg = Debug|Any CPU
		{C9091036-3ED5-4265-9868-68CE1505FB77}.Debug|Any CPU.Build.0 = Debug|Any CPU
		{C9091036-3ED5-4265-9868-68CE1505FB77}.Debug|x64.ActiveCfg = Debug|Any CPU
		{C9091036-3ED5-4265-9868-68CE1505FB77}.Debug|x64.Build.0 = Debug|Any CPU
		{C9091036-3ED5-4265-9868-68CE1505FB77}.Debug|x86.ActiveCfg = Debug|Any CPU
		{C9091036-3ED5-4265-9868-68CE1505FB77}.Debug|x86.Build.0 = Debug|Any CPU
		{C9091036-3ED5-4265-9868-68CE1505FB77}.Release|Any CPU.ActiveCfg = Release|Any CPU
		{C9091036-3ED5-4265-9868-68CE1505FB77}.Release|Any CPU.Build.0 = Release|Any CPU
		{C9091036-3ED5-4265-9868-68CE1505FB77}.Release|x64.ActiveCfg = Release|Any CPU
		{C9091036-3ED5-4265-9868-68CE1505FB77}.Release|x64.Build.0 = Release|Any CPU
		{C9091036-3ED5-4265-9868-68CE1505FB77}.Release|x86.ActiveCfg = Release|Any CPU
		{C9091036-3ED5-4265-9868-68CE1505FB77}.Release|x86.Build.0 = Release|Any CPU
		{8CD911BB-ED54-49D3-BB79-4E93D08DD728}.Debug|Any CPU.ActiveCfg = Debug|Any CPU
		{8CD911BB-ED54-49D3-BB79-4E93D08DD728}.Debug|Any CPU.Build.0 = Debug|Any CPU
		{8CD911BB-ED54-49D3-BB79-4E93D08DD728}.Debug|x64.ActiveCfg = Debug|Any CPU
		{8CD911BB-ED54-49D3-BB79-4E93D08DD728}.Debug|x64.Build.0 = Debug|Any CPU
		{8CD911BB-ED54-49D3-BB79-4E93D08DD728}.Debug|x86.ActiveCfg = Debug|Any CPU
		{8CD911BB-ED54-49D3-BB79-4E93D08DD728}.Debug|x86.Build.0 = Debug|Any CPU
		{8CD911BB-ED54-49D3-BB79-4E93D08DD728}.Release|Any CPU.ActiveCfg = Release|Any CPU
		{8CD911BB-ED54-49D3-BB79-4E93D08DD728}.Release|Any CPU.Build.0 = Release|Any CPU
		{8CD911BB-ED54-49D3-BB79-4E93D08DD728}.Release|x64.ActiveCfg = Release|Any CPU
		{8CD911BB-ED54-49D3-BB79-4E93D08DD728}.Release|x64.Build.0 = Release|Any CPU
		{8CD911BB-ED54-49D3-BB79-4E93D08DD728}.Release|x86.ActiveCfg = Release|Any CPU
		{8CD911BB-ED54-49D3-BB79-4E93D08DD728}.Release|x86.Build.0 = Release|Any CPU
	EndGlobalSection
	GlobalSection(SolutionProperties) = preSolution
		HideSolutionNode = FALSE
	EndGlobalSection
	GlobalSection(NestedProjects) = preSolution
		{A8BBB6B1-6C9C-4751-9517-6637C7583C7D} = {827E0CD3-B72D-47B6-A68D-7590B98EB39B}
		{C9091036-3ED5-4265-9868-68CE1505FB77} = {827E0CD3-B72D-47B6-A68D-7590B98EB39B}
		{8CD911BB-ED54-49D3-BB79-4E93D08DD728} = {827E0CD3-B72D-47B6-A68D-7590B98EB39B}
	EndGlobalSection
	GlobalSection(ExtensibilityGlobals) = postSolution
		SolutionGuid = {1CEC2818-A69A-46B9-9F5C-C7149404F42E}
	EndGlobalSection
EndGlobal
